// !$*UTF8*$!
{
	archiveVersion = 1;
	classes = {
	};
	objectVersion = 56;
	objects = {

/* Begin PBXBuildFile section */
		85149C3129E421FF00A5D795 /* TimeIntervalExtension.swift in Sources */ = {isa = PBXBuildFile; fileRef = 85149C2629E421FF00A5D795 /* TimeIntervalExtension.swift */; };
		85149C3229E421FF00A5D795 /* StopWatch.swift in Sources */ = {isa = PBXBuildFile; fileRef = 85149C2729E421FF00A5D795 /* StopWatch.swift */; };
		85149C3329E421FF00A5D795 /* Alarm.swift in Sources */ = {isa = PBXBuildFile; fileRef = 85149C2829E421FF00A5D795 /* Alarm.swift */; };
		85149C3429E421FF00A5D795 /* RelaxView.swift in Sources */ = {isa = PBXBuildFile; fileRef = 85149C2A29E421FF00A5D795 /* RelaxView.swift */; };
		85149C3529E421FF00A5D795 /* MainView.swift in Sources */ = {isa = PBXBuildFile; fileRef = 85149C2B29E421FF00A5D795 /* MainView.swift */; };
		8563D6C829E428BB00F7F714 /* ConcertOne-Regular.ttf in Resources */ = {isa = PBXBuildFile; fileRef = 8563D6C629E428BB00F7F714 /* ConcertOne-Regular.ttf */; };
		8563D6C929E428BB00F7F714 /* audio.wav in Resources */ = {isa = PBXBuildFile; fileRef = 8563D6C729E428BB00F7F714 /* audio.wav */; };
		85A875C729E41FCF00274EA6 /* FlowTime.swift in Sources */ = {isa = PBXBuildFile; fileRef = 85A875C629E41FCF00274EA6 /* FlowTime.swift */; };
		85A875CB29E41FD000274EA6 /* Assets.xcassets in Resources */ = {isa = PBXBuildFile; fileRef = 85A875CA29E41FD000274EA6 /* Assets.xcassets */; };
		85A875CE29E41FD000274EA6 /* Preview Assets.xcassets in Resources */ = {isa = PBXBuildFile; fileRef = 85A875CD29E41FD000274EA6 /* Preview Assets.xcassets */; };
/* End PBXBuildFile section */

/* Begin PBXFileReference section */
		85149C2629E421FF00A5D795 /* TimeIntervalExtension.swift */ = {isa = PBXFileReference; fileEncoding = 4; lastKnownFileType = sourcecode.swift; path = TimeIntervalExtension.swift; sourceTree = "<group>"; };
		85149C2729E421FF00A5D795 /* StopWatch.swift */ = {isa = PBXFileReference; fileEncoding = 4; lastKnownFileType = sourcecode.swift; path = StopWatch.swift; sourceTree = "<group>"; };
		85149C2829E421FF00A5D795 /* Alarm.swift */ = {isa = PBXFileReference; fileEncoding = 4; lastKnownFileType = sourcecode.swift; path = Alarm.swift; sourceTree = "<group>"; };
		85149C2A29E421FF00A5D795 /* RelaxView.swift */ = {isa = PBXFileReference; fileEncoding = 4; lastKnownFileType = sourcecode.swift; path = RelaxView.swift; sourceTree = "<group>"; };
		85149C2B29E421FF00A5D795 /* MainView.swift */ = {isa = PBXFileReference; fileEncoding = 4; lastKnownFileType = sourcecode.swift; path = MainView.swift; sourceTree = "<group>"; };
		8563D6C629E428BB00F7F714 /* ConcertOne-Regular.ttf */ = {isa = PBXFileReference; lastKnownFileType = file; path = "ConcertOne-Regular.ttf"; sourceTree = "<group>"; };
		8563D6C729E428BB00F7F714 /* audio.wav */ = {isa = PBXFileReference; lastKnownFileType = audio.wav; path = audio.wav; sourceTree = "<group>"; };
		85A875C329E41FCF00274EA6 /* FlowTime.app */ = {isa = PBXFileReference; explicitFileType = wrapper.application; includeInIndex = 0; path = FlowTime.app; sourceTree = BUILT_PRODUCTS_DIR; };
		85A875C629E41FCF00274EA6 /* FlowTime.swift */ = {isa = PBXFileReference; lastKnownFileType = sourcecode.swift; path = FlowTime.swift; sourceTree = "<group>"; };
		85A875CA29E41FD000274EA6 /* Assets.xcassets */ = {isa = PBXFileReference; lastKnownFileType = folder.assetcatalog; path = Assets.xcassets; sourceTree = "<group>"; };
		85A875CD29E41FD000274EA6 /* Preview Assets.xcassets */ = {isa = PBXFileReference; lastKnownFileType = folder.assetcatalog; path = "Preview Assets.xcassets"; sourceTree = "<group>"; };
		85A875CF29E41FD000274EA6 /* FlowTime.entitlements */ = {isa = PBXFileReference; lastKnownFileType = text.plist.entitlements; path = FlowTime.entitlements; sourceTree = "<group>"; };
/* End PBXFileReference section */

/* Begin PBXFrameworksBuildPhase section */
		85A875C029E41FCF00274EA6 /* Frameworks */ = {
			isa = PBXFrameworksBuildPhase;
			buildActionMask = 2147483647;
			files = (
			);
			runOnlyForDeploymentPostprocessing = 0;
		};
/* End PBXFrameworksBuildPhase section */

/* Begin PBXGroup section */
		85149C1C29E421FF00A5D795 /* Main */ = {
			isa = PBXGroup;
			children = (
				85149C2429E421FF00A5D795 /* Model */,
				85149C2929E421FF00A5D795 /* View */,
			);
			path = Main;
			sourceTree = "<group>";
		};
		85149C2429E421FF00A5D795 /* Model */ = {
			isa = PBXGroup;
			children = (
				85149C2529E421FF00A5D795 /* Extensions */,
				85149C2729E421FF00A5D795 /* StopWatch.swift */,
				85149C2829E421FF00A5D795 /* Alarm.swift */,
			);
			path = Model;
			sourceTree = "<group>";
		};
		85149C2529E421FF00A5D795 /* Extensions */ = {
			isa = PBXGroup;
			children = (
				85149C2629E421FF00A5D795 /* TimeIntervalExtension.swift */,
			);
			path = Extensions;
			sourceTree = "<group>";
		};
		85149C2929E421FF00A5D795 /* View */ = {
			isa = PBXGroup;
			children = (
				85149C2A29E421FF00A5D795 /* RelaxView.swift */,
				85149C2B29E421FF00A5D795 /* MainView.swift */,
			);
			path = View;
			sourceTree = "<group>";
		};
		8563D6C529E428BB00F7F714 /* Resources */ = {
			isa = PBXGroup;
			children = (
				8563D6C629E428BB00F7F714 /* ConcertOne-Regular.ttf */,
				8563D6C729E428BB00F7F714 /* audio.wav */,
			);
			path = Resources;
			sourceTree = "<group>";
		};
		85A875BA29E41FCF00274EA6 = {
			isa = PBXGroup;
			children = (
				85A875C529E41FCF00274EA6 /* FlowTime */,
				85A875C429E41FCF00274EA6 /* Products */,
			);
			sourceTree = "<group>";
		};
		85A875C429E41FCF00274EA6 /* Products */ = {
			isa = PBXGroup;
			children = (
				85A875C329E41FCF00274EA6 /* FlowTime.app */,
			);
			name = Products;
			sourceTree = "<group>";
		};
		85A875C529E41FCF00274EA6 /* FlowTime */ = {
			isa = PBXGroup;
			children = (
				85A875C629E41FCF00274EA6 /* FlowTime.swift */,
				85A875CA29E41FD000274EA6 /* Assets.xcassets */,
				85A875CF29E41FD000274EA6 /* FlowTime.entitlements */,
				85149C1C29E421FF00A5D795 /* Main */,
				8563D6C529E428BB00F7F714 /* Resources */,
				85A875CC29E41FD000274EA6 /* Preview Content */,
			);
			path = FlowTime;
			sourceTree = "<group>";
		};
		85A875CC29E41FD000274EA6 /* Preview Content */ = {
			isa = PBXGroup;
			children = (
				85A875CD29E41FD000274EA6 /* Preview Assets.xcassets */,
			);
			path = "Preview Content";
			sourceTree = "<group>";
		};
/* End PBXGroup section */

/* Begin PBXNativeTarget section */
		85A875C229E41FCF00274EA6 /* FlowTime */ = {
			isa = PBXNativeTarget;
			buildConfigurationList = 85A875D229E41FD000274EA6 /* Build configuration list for PBXNativeTarget "FlowTime" */;
			buildPhases = (
				85A875BF29E41FCF00274EA6 /* Sources */,
				85A875C029E41FCF00274EA6 /* Frameworks */,
				85A875C129E41FCF00274EA6 /* Resources */,
			);
			buildRules = (
			);
			dependencies = (
			);
			name = FlowTime;
			productName = testnewproject;
			productReference = 85A875C329E41FCF00274EA6 /* FlowTime.app */;
			productType = "com.apple.product-type.application";
		};
/* End PBXNativeTarget section */

/* Begin PBXProject section */
		85A875BB29E41FCF00274EA6 /* Project object */ = {
			isa = PBXProject;
			attributes = {
				BuildIndependentTargetsInParallel = 1;
				LastSwiftUpdateCheck = 1430;
				LastUpgradeCheck = 1430;
				TargetAttributes = {
					85A875C229E41FCF00274EA6 = {
						CreatedOnToolsVersion = 14.3;
					};
				};
			};
			buildConfigurationList = 85A875BE29E41FCF00274EA6 /* Build configuration list for PBXProject "FlowTime" */;
			compatibilityVersion = "Xcode 14.0";
			developmentRegion = en;
			hasScannedForEncodings = 0;
			knownRegions = (
				en,
				Base,
			);
			mainGroup = 85A875BA29E41FCF00274EA6;
			productRefGroup = 85A875C429E41FCF00274EA6 /* Products */;
			projectDirPath = "";
			projectRoot = "";
			targets = (
				85A875C229E41FCF00274EA6 /* FlowTime */,
			);
		};
/* End PBXProject section */

/* Begin PBXResourcesBuildPhase section */
		85A875C129E41FCF00274EA6 /* Resources */ = {
			isa = PBXResourcesBuildPhase;
			buildActionMask = 2147483647;
			files = (
				85A875CE29E41FD000274EA6 /* Preview Assets.xcassets in Resources */,
				8563D6C929E428BB00F7F714 /* audio.wav in Resources */,
				8563D6C829E428BB00F7F714 /* ConcertOne-Regular.ttf in Resources */,
				85A875CB29E41FD000274EA6 /* Assets.xcassets in Resources */,
			);
			runOnlyForDeploymentPostprocessing = 0;
		};
/* End PBXResourcesBuildPhase section */

/* Begin PBXSourcesBuildPhase section */
		85A875BF29E41FCF00274EA6 /* Sources */ = {
			isa = PBXSourcesBuildPhase;
			buildActionMask = 2147483647;
			files = (
				85149C3529E421FF00A5D795 /* MainView.swift in Sources */,
				85A875C729E41FCF00274EA6 /* FlowTime.swift in Sources */,
				85149C3229E421FF00A5D795 /* StopWatch.swift in Sources */,
				85149C3129E421FF00A5D795 /* TimeIntervalExtension.swift in Sources */,
				85149C3429E421FF00A5D795 /* RelaxView.swift in Sources */,
				85149C3329E421FF00A5D795 /* Alarm.swift in Sources */,
			);
			runOnlyForDeploymentPostprocessing = 0;
		};
/* End PBXSourcesBuildPhase section */

/* Begin XCBuildConfiguration section */
		85A875D029E41FD000274EA6 /* Debug */ = {
			isa = XCBuildConfiguration;
			buildSettings = {
				ALWAYS_SEARCH_USER_PATHS = NO;
				CLANG_ANALYZER_NONNULL = YES;
				CLANG_ANALYZER_NUMBER_OBJECT_CONVERSION = YES_AGGRESSIVE;
				CLANG_CXX_LANGUAGE_STANDARD = "gnu++20";
				CLANG_ENABLE_MODULES = YES;
				CLANG_ENABLE_OBJC_ARC = YES;
				CLANG_ENABLE_OBJC_WEAK = YES;
				CLANG_WARN_BLOCK_CAPTURE_AUTORELEASING = YES;
				CLANG_WARN_BOOL_CONVERSION = YES;
				CLANG_WARN_COMMA = YES;
				CLANG_WARN_CONSTANT_CONVERSION = YES;
				CLANG_WARN_DEPRECATED_OBJC_IMPLEMENTATIONS = YES;
				CLANG_WARN_DIRECT_OBJC_ISA_USAGE = YES_ERROR;
				CLANG_WARN_DOCUMENTATION_COMMENTS = YES;
				CLANG_WARN_EMPTY_BODY = YES;
				CLANG_WARN_ENUM_CONVERSION = YES;
				CLANG_WARN_INFINITE_RECURSION = YES;
				CLANG_WARN_INT_CONVERSION = YES;
				CLANG_WARN_NON_LITERAL_NULL_CONVERSION = YES;
				CLANG_WARN_OBJC_IMPLICIT_RETAIN_SELF = YES;
				CLANG_WARN_OBJC_LITERAL_CONVERSION = YES;
				CLANG_WARN_OBJC_ROOT_CLASS = YES_ERROR;
				CLANG_WARN_QUOTED_INCLUDE_IN_FRAMEWORK_HEADER = YES;
				CLANG_WARN_RANGE_LOOP_ANALYSIS = YES;
				CLANG_WARN_STRICT_PROTOTYPES = YES;
				CLANG_WARN_SUSPICIOUS_MOVE = YES;
				CLANG_WARN_UNGUARDED_AVAILABILITY = YES_AGGRESSIVE;
				CLANG_WARN_UNREACHABLE_CODE = YES;
				CLANG_WARN__DUPLICATE_METHOD_MATCH = YES;
				COPY_PHASE_STRIP = NO;
				DEBUG_INFORMATION_FORMAT = dwarf;
				ENABLE_STRICT_OBJC_MSGSEND = YES;
				ENABLE_TESTABILITY = YES;
				GCC_C_LANGUAGE_STANDARD = gnu11;
				GCC_DYNAMIC_NO_PIC = NO;
				GCC_NO_COMMON_BLOCKS = YES;
				GCC_OPTIMIZATION_LEVEL = 0;
				GCC_PREPROCESSOR_DEFINITIONS = (
					"DEBUG=1",
					"$(inherited)",
				);
				GCC_WARN_64_TO_32_BIT_CONVERSION = YES;
				GCC_WARN_ABOUT_RETURN_TYPE = YES_ERROR;
				GCC_WARN_UNDECLARED_SELECTOR = YES;
				GCC_WARN_UNINITIALIZED_AUTOS = YES_AGGRESSIVE;
				GCC_WARN_UNUSED_FUNCTION = YES;
				GCC_WARN_UNUSED_VARIABLE = YES;
				IPHONEOS_DEPLOYMENT_TARGET = 14.0;
				MACOSX_DEPLOYMENT_TARGET = 11.0;
				MTL_ENABLE_DEBUG_INFO = INCLUDE_SOURCE;
				MTL_FAST_MATH = YES;
				ONLY_ACTIVE_ARCH = YES;
				SDKROOT = macosx;
				SWIFT_ACTIVE_COMPILATION_CONDITIONS = DEBUG;
				SWIFT_OPTIMIZATION_LEVEL = "-Onone";
			};
			name = Debug;
		};
		85A875D129E41FD000274EA6 /* Release */ = {
			isa = XCBuildConfiguration;
			buildSettings = {
				ALWAYS_SEARCH_USER_PATHS = NO;
				CLANG_ANALYZER_NONNULL = YES;
				CLANG_ANALYZER_NUMBER_OBJECT_CONVERSION = YES_AGGRESSIVE;
				CLANG_CXX_LANGUAGE_STANDARD = "gnu++20";
				CLANG_ENABLE_MODULES = YES;
				CLANG_ENABLE_OBJC_ARC = YES;
				CLANG_ENABLE_OBJC_WEAK = YES;
				CLANG_WARN_BLOCK_CAPTURE_AUTORELEASING = YES;
				CLANG_WARN_BOOL_CONVERSION = YES;
				CLANG_WARN_COMMA = YES;
				CLANG_WARN_CONSTANT_CONVERSION = YES;
				CLANG_WARN_DEPRECATED_OBJC_IMPLEMENTATIONS = YES;
				CLANG_WARN_DIRECT_OBJC_ISA_USAGE = YES_ERROR;
				CLANG_WARN_DOCUMENTATION_COMMENTS = YES;
				CLANG_WARN_EMPTY_BODY = YES;
				CLANG_WARN_ENUM_CONVERSION = YES;
				CLANG_WARN_INFINITE_RECURSION = YES;
				CLANG_WARN_INT_CONVERSION = YES;
				CLANG_WARN_NON_LITERAL_NULL_CONVERSION = YES;
				CLANG_WARN_OBJC_IMPLICIT_RETAIN_SELF = YES;
				CLANG_WARN_OBJC_LITERAL_CONVERSION = YES;
				CLANG_WARN_OBJC_ROOT_CLASS = YES_ERROR;
				CLANG_WARN_QUOTED_INCLUDE_IN_FRAMEWORK_HEADER = YES;
				CLANG_WARN_RANGE_LOOP_ANALYSIS = YES;
				CLANG_WARN_STRICT_PROTOTYPES = YES;
				CLANG_WARN_SUSPICIOUS_MOVE = YES;
				CLANG_WARN_UNGUARDED_AVAILABILITY = YES_AGGRESSIVE;
				CLANG_WARN_UNREACHABLE_CODE = YES;
				CLANG_WARN__DUPLICATE_METHOD_MATCH = YES;
				COPY_PHASE_STRIP = NO;
				DEBUG_INFORMATION_FORMAT = "dwarf-with-dsym";
				ENABLE_NS_ASSERTIONS = NO;
				ENABLE_STRICT_OBJC_MSGSEND = YES;
				GCC_C_LANGUAGE_STANDARD = gnu11;
				GCC_NO_COMMON_BLOCKS = YES;
				GCC_WARN_64_TO_32_BIT_CONVERSION = YES;
				GCC_WARN_ABOUT_RETURN_TYPE = YES_ERROR;
				GCC_WARN_UNDECLARED_SELECTOR = YES;
				GCC_WARN_UNINITIALIZED_AUTOS = YES_AGGRESSIVE;
				GCC_WARN_UNUSED_FUNCTION = YES;
				GCC_WARN_UNUSED_VARIABLE = YES;
				IPHONEOS_DEPLOYMENT_TARGET = 14.0;
				MACOSX_DEPLOYMENT_TARGET = 11.0;
				MTL_ENABLE_DEBUG_INFO = NO;
				MTL_FAST_MATH = YES;
				SDKROOT = macosx;
				SWIFT_COMPILATION_MODE = wholemodule;
				SWIFT_OPTIMIZATION_LEVEL = "-O";
			};
			name = Release;
		};
		85A875D329E41FD000274EA6 /* Debug */ = {
			isa = XCBuildConfiguration;
			buildSettings = {
				ASSETCATALOG_COMPILER_APPICON_NAME = AppIcon;
				ASSETCATALOG_COMPILER_GLOBAL_ACCENT_COLOR_NAME = AccentColor;
				CODE_SIGN_ENTITLEMENTS = FlowTime/FlowTime.entitlements;
				CODE_SIGN_IDENTITY = "Apple Development";
				CODE_SIGN_STYLE = Automatic;
				COMBINE_HIDPI_IMAGES = YES;
				CURRENT_PROJECT_VERSION = 1;
				DEVELOPMENT_ASSET_PATHS = "\"FlowTime/Preview Content\"";
				DEVELOPMENT_TEAM = KC68A42FB9;
				ENABLE_HARDENED_RUNTIME = YES;
				ENABLE_PREVIEWS = YES;
				GENERATE_INFOPLIST_FILE = YES;
				INFOPLIST_KEY_CFBundleDisplayName = FlowTime;
				INFOPLIST_KEY_LSApplicationCategoryType = "public.app-category.education";
				INFOPLIST_KEY_NSHumanReadableCopyright = "";
				LD_RUNPATH_SEARCH_PATHS = (
					"$(inherited)",
					"@executable_path/../Frameworks",
				);
				MARKETING_VERSION = 0.4;
				PRODUCT_BUNDLE_IDENTIFIER = dev.miglio.FlowTime;
				PRODUCT_NAME = "$(TARGET_NAME)";
				PROVISIONING_PROFILE_SPECIFIER = "";
				SUPPORTED_PLATFORMS = "iphoneos iphonesimulator macosx";
				SUPPORTS_MACCATALYST = NO;
				SUPPORTS_MAC_DESIGNED_FOR_IPHONE_IPAD = NO;
				SWIFT_EMIT_LOC_STRINGS = YES;
				SWIFT_VERSION = 5.0;
				TARGETED_DEVICE_FAMILY = 1;
			};
			name = Debug;
		};
		85A875D429E41FD000274EA6 /* Release */ = {
			isa = XCBuildConfiguration;
			buildSettings = {
				ASSETCATALOG_COMPILER_APPICON_NAME = AppIcon;
				ASSETCATALOG_COMPILER_GLOBAL_ACCENT_COLOR_NAME = AccentColor;
				CODE_SIGN_ENTITLEMENTS = FlowTime/FlowTime.entitlements;
				CODE_SIGN_IDENTITY = "Apple Development";
				CODE_SIGN_STYLE = Automatic;
				COMBINE_HIDPI_IMAGES = YES;
				CURRENT_PROJECT_VERSION = 1;
				DEVELOPMENT_ASSET_PATHS = "\"FlowTime/Preview Content\"";
				DEVELOPMENT_TEAM = KC68A42FB9;
				ENABLE_HARDENED_RUNTIME = YES;
				ENABLE_PREVIEWS = YES;
				GENERATE_INFOPLIST_FILE = YES;
				INFOPLIST_KEY_CFBundleDisplayName = FlowTime;
				INFOPLIST_KEY_LSApplicationCategoryType = "public.app-category.education";
				INFOPLIST_KEY_NSHumanReadableCopyright = "";
				LD_RUNPATH_SEARCH_PATHS = (
					"$(inherited)",
					"@executable_path/../Frameworks",
				);
				MARKETING_VERSION = 0.4;
				PRODUCT_BUNDLE_IDENTIFIER = dev.miglio.FlowTime;
				PRODUCT_NAME = "$(TARGET_NAME)";
				PROVISIONING_PROFILE_SPECIFIER = "";
				SUPPORTED_PLATFORMS = "iphoneos iphonesimulator macosx";
				SUPPORTS_MACCATALYST = NO;
				SUPPORTS_MAC_DESIGNED_FOR_IPHONE_IPAD = NO;
				SWIFT_EMIT_LOC_STRINGS = YES;
				SWIFT_VERSION = 5.0;
				TARGETED_DEVICE_FAMILY = 1;
			};
			name = Release;
		};
/* End XCBuildConfiguration section */

/* Begin XCConfigurationList section */
		85A875BE29E41FCF00274EA6 /* Build configuration list for PBXProject "FlowTime" */ = {
			isa = XCConfigurationList;
			buildConfigurations = (
				85A875D029E41FD000274EA6 /* Debug */,
				85A875D129E41FD000274EA6 /* Release */,
			);
			defaultConfigurationIsVisible = 0;
			defaultConfigurationName = Release;
		};
		85A875D229E41FD000274EA6 /* Build configuration list for PBXNativeTarget "FlowTime" */ = {
			isa = XCConfigurationList;
			buildConfigurations = (
				85A875D329E41FD000274EA6 /* Debug */,
				85A875D429E41FD000274EA6 /* Release */,
			);
			defaultConfigurationIsVisible = 0;
			defaultConfigurationName = Release;
		};
/* End XCConfigurationList section */
	};
	rootObject = 85A875BB29E41FCF00274EA6 /* Project object */;
}
