// !$*UTF8*$!
{
	archiveVersion = 1;
	classes = {
	};
	objectVersion = 56;
	objects = {

/* Begin PBXBuildFile section */
		85149C3129E421FF00A5D795 /* TimeIntervalExtension.swift in Sources */ = {isa = PBXBuildFile; fileRef = 85149C2629E421FF00A5D795 /* TimeIntervalExtension.swift */; };
		85149C3429E421FF00A5D795 /* RelaxView.swift in Sources */ = {isa = PBXBuildFile; fileRef = 85149C2A29E421FF00A5D795 /* RelaxView.swift */; };
		85149C3529E421FF00A5D795 /* ClockView.swift in Sources */ = {isa = PBXBuildFile; fileRef = 85149C2B29E421FF00A5D795 /* ClockView.swift */; };
		851F8EC22A8FCD6300945DE9 /* Color.swift in Sources */ = {isa = PBXBuildFile; fileRef = 851F8EC12A8FCD6300945DE9 /* Color.swift */; };
		851F8EC42A8FCE6100945DE9 /* Image.swift in Sources */ = {isa = PBXBuildFile; fileRef = 851F8EC32A8FCE6100945DE9 /* Image.swift */; };
		8563D6C829E428BB00F7F714 /* ConcertOne-Regular.ttf in Resources */ = {isa = PBXBuildFile; fileRef = 8563D6C629E428BB00F7F714 /* ConcertOne-Regular.ttf */; };
		8563D6C929E428BB00F7F714 /* audio.wav in Resources */ = {isa = PBXBuildFile; fileRef = 8563D6C729E428BB00F7F714 /* audio.wav */; };
		856CF90C2A974C3E002704E3 /* View.swift in Sources */ = {isa = PBXBuildFile; fileRef = 856CF90B2A974C3E002704E3 /* View.swift */; };
		8587684529E42FDF00D6E5AE /* ClockModel.swift in Sources */ = {isa = PBXBuildFile; fileRef = 8587684429E42FDF00D6E5AE /* ClockModel.swift */; };
		8587684929E4306300D6E5AE /* RelaxModel.swift in Sources */ = {isa = PBXBuildFile; fileRef = 8587684829E4306300D6E5AE /* RelaxModel.swift */; };
		8587684C29E4544700D6E5AE /* StorageManager.swift in Sources */ = {isa = PBXBuildFile; fileRef = 8587684B29E4544700D6E5AE /* StorageManager.swift */; };
		8587684E29E454CB00D6E5AE /* ProfileModel.swift in Sources */ = {isa = PBXBuildFile; fileRef = 8587684D29E454CB00D6E5AE /* ProfileModel.swift */; };
		85A875C729E41FCF00274EA6 /* FlowTime.swift in Sources */ = {isa = PBXBuildFile; fileRef = 85A875C629E41FCF00274EA6 /* FlowTime.swift */; };
		85A875CB29E41FD000274EA6 /* Assets.xcassets in Resources */ = {isa = PBXBuildFile; fileRef = 85A875CA29E41FD000274EA6 /* Assets.xcassets */; };
		85A875CE29E41FD000274EA6 /* Preview Assets.xcassets in Resources */ = {isa = PBXBuildFile; fileRef = 85A875CD29E41FD000274EA6 /* Preview Assets.xcassets */; };
		85ACBCE82A43049700EA2A42 /* NSMenuExtension.swift in Sources */ = {isa = PBXBuildFile; fileRef = 85ACBCE72A43049700EA2A42 /* NSMenuExtension.swift */; };
		85ACBCEC2A431CA900EA2A42 /* Encodable.swift in Sources */ = {isa = PBXBuildFile; fileRef = 85ACBCEB2A431CA900EA2A42 /* Encodable.swift */; };
		85ACBCEF2A43232700EA2A42 /* MenuBar.swift in Sources */ = {isa = PBXBuildFile; fileRef = 85ACBCEE2A43232700EA2A42 /* MenuBar.swift */; };
		85E2B12D2A6FF41300E3EEF4 /* AppDelegate.swift in Sources */ = {isa = PBXBuildFile; fileRef = 85E2B12C2A6FF41300E3EEF4 /* AppDelegate.swift */; };
		85E2B1312A71122C00E3EEF4 /* EditProfiles.swift in Sources */ = {isa = PBXBuildFile; fileRef = 85E2B1302A71122C00E3EEF4 /* EditProfiles.swift */; };
		85E2B1352A71184700E3EEF4 /* CodableColor.swift in Sources */ = {isa = PBXBuildFile; fileRef = 85E2B1342A71184700E3EEF4 /* CodableColor.swift */; };
		85E2B1372A71487700E3EEF4 /* Array.swift in Sources */ = {isa = PBXBuildFile; fileRef = 85E2B1362A71487700E3EEF4 /* Array.swift */; };
/* End PBXBuildFile section */

/* Begin PBXFileReference section */
		85149C2629E421FF00A5D795 /* TimeIntervalExtension.swift */ = {isa = PBXFileReference; fileEncoding = 4; lastKnownFileType = sourcecode.swift; path = TimeIntervalExtension.swift; sourceTree = "<group>"; };
		85149C2A29E421FF00A5D795 /* RelaxView.swift */ = {isa = PBXFileReference; fileEncoding = 4; lastKnownFileType = sourcecode.swift; path = RelaxView.swift; sourceTree = "<group>"; };
		85149C2B29E421FF00A5D795 /* ClockView.swift */ = {isa = PBXFileReference; fileEncoding = 4; lastKnownFileType = sourcecode.swift; path = ClockView.swift; sourceTree = "<group>"; };
		851F8EC12A8FCD6300945DE9 /* Color.swift */ = {isa = PBXFileReference; lastKnownFileType = sourcecode.swift; path = Color.swift; sourceTree = "<group>"; };
		851F8EC32A8FCE6100945DE9 /* Image.swift */ = {isa = PBXFileReference; lastKnownFileType = sourcecode.swift; path = Image.swift; sourceTree = "<group>"; };
		8563D6C629E428BB00F7F714 /* ConcertOne-Regular.ttf */ = {isa = PBXFileReference; lastKnownFileType = file; path = "ConcertOne-Regular.ttf"; sourceTree = "<group>"; };
		8563D6C729E428BB00F7F714 /* audio.wav */ = {isa = PBXFileReference; lastKnownFileType = audio.wav; path = audio.wav; sourceTree = "<group>"; };
		856CF90B2A974C3E002704E3 /* View.swift */ = {isa = PBXFileReference; fileEncoding = 4; lastKnownFileType = sourcecode.swift; path = View.swift; sourceTree = "<group>"; };
		8587684429E42FDF00D6E5AE /* ClockModel.swift */ = {isa = PBXFileReference; lastKnownFileType = sourcecode.swift; path = ClockModel.swift; sourceTree = "<group>"; };
		8587684829E4306300D6E5AE /* RelaxModel.swift */ = {isa = PBXFileReference; lastKnownFileType = sourcecode.swift; path = RelaxModel.swift; sourceTree = "<group>"; };
		8587684B29E4544700D6E5AE /* StorageManager.swift */ = {isa = PBXFileReference; lastKnownFileType = sourcecode.swift; path = StorageManager.swift; sourceTree = "<group>"; };
		8587684D29E454CB00D6E5AE /* ProfileModel.swift */ = {isa = PBXFileReference; lastKnownFileType = sourcecode.swift; path = ProfileModel.swift; sourceTree = "<group>"; };
		85A875C329E41FCF00274EA6 /* FlowTime.app */ = {isa = PBXFileReference; explicitFileType = wrapper.application; includeInIndex = 0; path = FlowTime.app; sourceTree = BUILT_PRODUCTS_DIR; };
		85A875C629E41FCF00274EA6 /* FlowTime.swift */ = {isa = PBXFileReference; lastKnownFileType = sourcecode.swift; path = FlowTime.swift; sourceTree = "<group>"; };
		85A875CA29E41FD000274EA6 /* Assets.xcassets */ = {isa = PBXFileReference; lastKnownFileType = folder.assetcatalog; path = Assets.xcassets; sourceTree = "<group>"; };
		85A875CD29E41FD000274EA6 /* Preview Assets.xcassets */ = {isa = PBXFileReference; lastKnownFileType = folder.assetcatalog; path = "Preview Assets.xcassets"; sourceTree = "<group>"; };
		85A875CF29E41FD000274EA6 /* FlowTime.entitlements */ = {isa = PBXFileReference; lastKnownFileType = text.plist.entitlements; path = FlowTime.entitlements; sourceTree = "<group>"; };
		85ACBCE62A43019400EA2A42 /* Info.plist */ = {isa = PBXFileReference; lastKnownFileType = text.plist; path = Info.plist; sourceTree = "<group>"; };
		85ACBCE72A43049700EA2A42 /* NSMenuExtension.swift */ = {isa = PBXFileReference; lastKnownFileType = sourcecode.swift; path = NSMenuExtension.swift; sourceTree = "<group>"; };
		85ACBCEB2A431CA900EA2A42 /* Encodable.swift */ = {isa = PBXFileReference; lastKnownFileType = sourcecode.swift; path = Encodable.swift; sourceTree = "<group>"; };
		85ACBCEE2A43232700EA2A42 /* MenuBar.swift */ = {isa = PBXFileReference; lastKnownFileType = sourcecode.swift; path = MenuBar.swift; sourceTree = "<group>"; };
		85E2B12C2A6FF41300E3EEF4 /* AppDelegate.swift */ = {isa = PBXFileReference; lastKnownFileType = sourcecode.swift; path = AppDelegate.swift; sourceTree = "<group>"; };
		85E2B1302A71122C00E3EEF4 /* EditProfiles.swift */ = {isa = PBXFileReference; lastKnownFileType = sourcecode.swift; path = EditProfiles.swift; sourceTree = "<group>"; };
		85E2B1342A71184700E3EEF4 /* CodableColor.swift */ = {isa = PBXFileReference; lastKnownFileType = sourcecode.swift; path = CodableColor.swift; sourceTree = "<group>"; };
		85E2B1362A71487700E3EEF4 /* Array.swift */ = {isa = PBXFileReference; lastKnownFileType = sourcecode.swift; path = Array.swift; sourceTree = "<group>"; };
/* End PBXFileReference section */

/* Begin PBXFrameworksBuildPhase section */
		85A875C029E41FCF00274EA6 /* Frameworks */ = {
			isa = PBXFrameworksBuildPhase;
			buildActionMask = 2147483647;
			files = (
			);
			runOnlyForDeploymentPostprocessing = 0;
		};
/* End PBXFrameworksBuildPhase section */

/* Begin PBXGroup section */
		85149C1C29E421FF00A5D795 /* Views */ = {
			isa = PBXGroup;
			children = (
				85149C2B29E421FF00A5D795 /* ClockView.swift */,
				85149C2A29E421FF00A5D795 /* RelaxView.swift */,
				85E2B1302A71122C00E3EEF4 /* EditProfiles.swift */,
			);
			path = Views;
			sourceTree = "<group>";
		};
		85149C2429E421FF00A5D795 /* Model */ = {
			isa = PBXGroup;
			children = (
				8587684429E42FDF00D6E5AE /* ClockModel.swift */,
				8587684829E4306300D6E5AE /* RelaxModel.swift */,
				8587684D29E454CB00D6E5AE /* ProfileModel.swift */,
			);
			path = Model;
			sourceTree = "<group>";
		};
		85149C2529E421FF00A5D795 /* Extensions */ = {
			isa = PBXGroup;
			children = (
				85149C2629E421FF00A5D795 /* TimeIntervalExtension.swift */,
				856CF90B2A974C3E002704E3 /* View.swift */,
				85ACBCE72A43049700EA2A42 /* NSMenuExtension.swift */,
				85ACBCEB2A431CA900EA2A42 /* Encodable.swift */,
				85E2B1362A71487700E3EEF4 /* Array.swift */,
				851F8EC12A8FCD6300945DE9 /* Color.swift */,
				851F8EC32A8FCE6100945DE9 /* Image.swift */,
			);
			path = Extensions;
			sourceTree = "<group>";
		};
		8563D6C529E428BB00F7F714 /* Resources */ = {
			isa = PBXGroup;
			children = (
				8563D6C629E428BB00F7F714 /* ConcertOne-Regular.ttf */,
				8563D6C729E428BB00F7F714 /* audio.wav */,
			);
			path = Resources;
			sourceTree = "<group>";
		};
		8587684F29E45BAC00D6E5AE /* CustomClass */ = {
			isa = PBXGroup;
			children = (
				85149C2529E421FF00A5D795 /* Extensions */,
				85E2B1342A71184700E3EEF4 /* CodableColor.swift */,
			);
			path = CustomClass;
			sourceTree = "<group>";
		};
		85A875BA29E41FCF00274EA6 = {
			isa = PBXGroup;
			children = (
				85A875C529E41FCF00274EA6 /* FlowTime */,
				85A875C429E41FCF00274EA6 /* Products */,
			);
			sourceTree = "<group>";
		};
		85A875C429E41FCF00274EA6 /* Products */ = {
			isa = PBXGroup;
			children = (
				85A875C329E41FCF00274EA6 /* FlowTime.app */,
			);
			name = Products;
			sourceTree = "<group>";
		};
		85A875C529E41FCF00274EA6 /* FlowTime */ = {
			isa = PBXGroup;
			children = (
				85E2B12C2A6FF41300E3EEF4 /* AppDelegate.swift */,
				85A875C629E41FCF00274EA6 /* FlowTime.swift */,
				85ACBCEE2A43232700EA2A42 /* MenuBar.swift */,
				8587684B29E4544700D6E5AE /* StorageManager.swift */,
				85ACBCE62A43019400EA2A42 /* Info.plist */,
				85A875CA29E41FD000274EA6 /* Assets.xcassets */,
				85A875CF29E41FD000274EA6 /* FlowTime.entitlements */,
				85149C1C29E421FF00A5D795 /* Views */,
				85149C2429E421FF00A5D795 /* Model */,
				8587684F29E45BAC00D6E5AE /* CustomClass */,
				8563D6C529E428BB00F7F714 /* Resources */,
				85A875CC29E41FD000274EA6 /* Preview Content */,
			);
			path = FlowTime;
			sourceTree = "<group>";
		};
		85A875CC29E41FD000274EA6 /* Preview Content */ = {
			isa = PBXGroup;
			children = (
				85A875CD29E41FD000274EA6 /* Preview Assets.xcassets */,
			);
			path = "Preview Content";
			sourceTree = "<group>";
		};
/* End PBXGroup section */

/* Begin PBXNativeTarget section */
		85A875C229E41FCF00274EA6 /* FlowTime */ = {
			isa = PBXNativeTarget;
			buildConfigurationList = 85A875D229E41FD000274EA6 /* Build configuration list for PBXNativeTarget "FlowTime" */;
			buildPhases = (
				85A875BF29E41FCF00274EA6 /* Sources */,
				85A875C029E41FCF00274EA6 /* Frameworks */,
				85A875C129E41FCF00274EA6 /* Resources */,
			);
			buildRules = (
			);
			dependencies = (
			);
			name = FlowTime;
			productName = testnewproject;
			productReference = 85A875C329E41FCF00274EA6 /* FlowTime.app */;
			productType = "com.apple.product-type.application";
		};
/* End PBXNativeTarget section */

/* Begin PBXProject section */
		85A875BB29E41FCF00274EA6 /* Project object */ = {
			isa = PBXProject;
			attributes = {
				BuildIndependentTargetsInParallel = 1;
				LastSwiftUpdateCheck = 1430;
				LastUpgradeCheck = 1430;
				TargetAttributes = {
					85A875C229E41FCF00274EA6 = {
						CreatedOnToolsVersion = 14.3;
					};
				};
			};
			buildConfigurationList = 85A875BE29E41FCF00274EA6 /* Build configuration list for PBXProject "FlowTime" */;
			compatibilityVersion = "Xcode 14.0";
			developmentRegion = en;
			hasScannedForEncodings = 0;
			knownRegions = (
				en,
				Base,
			);
			mainGroup = 85A875BA29E41FCF00274EA6;
			productRefGroup = 85A875C429E41FCF00274EA6 /* Products */;
			projectDirPath = "";
			projectRoot = "";
			targets = (
				85A875C229E41FCF00274EA6 /* FlowTime */,
			);
		};
/* End PBXProject section */

/* Begin PBXResourcesBuildPhase section */
		85A875C129E41FCF00274EA6 /* Resources */ = {
			isa = PBXResourcesBuildPhase;
			buildActionMask = 2147483647;
			files = (
				85A875CE29E41FD000274EA6 /* Preview Assets.xcassets in Resources */,
				8563D6C929E428BB00F7F714 /* audio.wav in Resources */,
				8563D6C829E428BB00F7F714 /* ConcertOne-Regular.ttf in Resources */,
				85A875CB29E41FD000274EA6 /* Assets.xcassets in Resources */,
			);
			runOnlyForDeploymentPostprocessing = 0;
		};
/* End PBXResourcesBuildPhase section */

/* Begin PBXSourcesBuildPhase section */
		85A875BF29E41FCF00274EA6 /* Sources */ = {
			isa = PBXSourcesBuildPhase;
			buildActionMask = 2147483647;
			files = (
				8587684529E42FDF00D6E5AE /* ClockModel.swift in Sources */,
				85149C3529E421FF00A5D795 /* ClockView.swift in Sources */,
				85A875C729E41FCF00274EA6 /* FlowTime.swift in Sources */,
				85E2B12D2A6FF41300E3EEF4 /* AppDelegate.swift in Sources */,
				8587684C29E4544700D6E5AE /* StorageManager.swift in Sources */,
				851F8EC22A8FCD6300945DE9 /* Color.swift in Sources */,
				85149C3129E421FF00A5D795 /* TimeIntervalExtension.swift in Sources */,
				85E2B1372A71487700E3EEF4 /* Array.swift in Sources */,
				85149C3429E421FF00A5D795 /* RelaxView.swift in Sources */,
				8587684E29E454CB00D6E5AE /* ProfileModel.swift in Sources */,
				8587684929E4306300D6E5AE /* RelaxModel.swift in Sources */,
				851F8EC42A8FCE6100945DE9 /* Image.swift in Sources */,
				85ACBCE82A43049700EA2A42 /* NSMenuExtension.swift in Sources */,
				85E2B1352A71184700E3EEF4 /* CodableColor.swift in Sources */,
				856CF90C2A974C3E002704E3 /* View.swift in Sources */,
				85ACBCEF2A43232700EA2A42 /* MenuBar.swift in Sources */,
				85ACBCEC2A431CA900EA2A42 /* Encodable.swift in Sources */,
				85E2B1312A71122C00E3EEF4 /* EditProfiles.swift in Sources */,
			);
			runOnlyForDeploymentPostprocessing = 0;
		};
/* End PBXSourcesBuildPhase section */

/* Begin XCBuildConfiguration section */
		85A875D029E41FD000274EA6 /* Debug */ = {
			isa = XCBuildConfiguration;
			buildSettings = {
				ALWAYS_SEARCH_USER_PATHS = NO;
				CLANG_ANALYZER_NONNULL = YES;
				CLANG_ANALYZER_NUMBER_OBJECT_CONVERSION = YES_AGGRESSIVE;
				CLANG_CXX_LANGUAGE_STANDARD = "gnu++20";
				CLANG_ENABLE_MODULES = YES;
				CLANG_ENABLE_OBJC_ARC = YES;
				CLANG_ENABLE_OBJC_WEAK = YES;
				CLANG_WARN_BLOCK_CAPTURE_AUTORELEASING = YES;
				CLANG_WARN_BOOL_CONVERSION = YES;
				CLANG_WARN_COMMA = YES;
				CLANG_WARN_CONSTANT_CONVERSION = YES;
				CLANG_WARN_DEPRECATED_OBJC_IMPLEMENTATIONS = YES;
				CLANG_WARN_DIRECT_OBJC_ISA_USAGE = YES_ERROR;
				CLANG_WARN_DOCUMENTATION_COMMENTS = YES;
				CLANG_WARN_EMPTY_BODY = YES;
				CLANG_WARN_ENUM_CONVERSION = YES;
				CLANG_WARN_INFINITE_RECURSION = YES;
				CLANG_WARN_INT_CONVERSION = YES;
				CLANG_WARN_NON_LITERAL_NULL_CONVERSION = YES;
				CLANG_WARN_OBJC_IMPLICIT_RETAIN_SELF = YES;
				CLANG_WARN_OBJC_LITERAL_CONVERSION = YES;
				CLANG_WARN_OBJC_ROOT_CLASS = YES_ERROR;
				CLANG_WARN_QUOTED_INCLUDE_IN_FRAMEWORK_HEADER = YES;
				CLANG_WARN_RANGE_LOOP_ANALYSIS = YES;
				CLANG_WARN_STRICT_PROTOTYPES = YES;
				CLANG_WARN_SUSPICIOUS_MOVE = YES;
				CLANG_WARN_UNGUARDED_AVAILABILITY = YES_AGGRESSIVE;
				CLANG_WARN_UNREACHABLE_CODE = YES;
				CLANG_WARN__DUPLICATE_METHOD_MATCH = YES;
				COPY_PHASE_STRIP = NO;
				DEBUG_INFORMATION_FORMAT = dwarf;
				ENABLE_STRICT_OBJC_MSGSEND = YES;
				ENABLE_TESTABILITY = YES;
				GCC_C_LANGUAGE_STANDARD = gnu11;
				GCC_DYNAMIC_NO_PIC = NO;
				GCC_NO_COMMON_BLOCKS = YES;
				GCC_OPTIMIZATION_LEVEL = 0;
				GCC_PREPROCESSOR_DEFINITIONS = (
					"DEBUG=1",
					"$(inherited)",
				);
				GCC_WARN_64_TO_32_BIT_CONVERSION = YES;
				GCC_WARN_ABOUT_RETURN_TYPE = YES_ERROR;
				GCC_WARN_UNDECLARED_SELECTOR = YES;
				GCC_WARN_UNINITIALIZED_AUTOS = YES_AGGRESSIVE;
				GCC_WARN_UNUSED_FUNCTION = YES;
				GCC_WARN_UNUSED_VARIABLE = YES;
				IPHONEOS_DEPLOYMENT_TARGET = 14.0;
				MACOSX_DEPLOYMENT_TARGET = 13.0;
				MTL_ENABLE_DEBUG_INFO = INCLUDE_SOURCE;
				MTL_FAST_MATH = YES;
				ONLY_ACTIVE_ARCH = YES;
				SDKROOT = macosx;
				SWIFT_ACTIVE_COMPILATION_CONDITIONS = DEBUG;
				SWIFT_OPTIMIZATION_LEVEL = "-Onone";
			};
			name = Debug;
		};
		85A875D129E41FD000274EA6 /* Release */ = {
			isa = XCBuildConfiguration;
			buildSettings = {
				ALWAYS_SEARCH_USER_PATHS = NO;
				CLANG_ANALYZER_NONNULL = YES;
				CLANG_ANALYZER_NUMBER_OBJECT_CONVERSION = YES_AGGRESSIVE;
				CLANG_CXX_LANGUAGE_STANDARD = "gnu++20";
				CLANG_ENABLE_MODULES = YES;
				CLANG_ENABLE_OBJC_ARC = YES;
				CLANG_ENABLE_OBJC_WEAK = YES;
				CLANG_WARN_BLOCK_CAPTURE_AUTORELEASING = YES;
				CLANG_WARN_BOOL_CONVERSION = YES;
				CLANG_WARN_COMMA = YES;
				CLANG_WARN_CONSTANT_CONVERSION = YES;
				CLANG_WARN_DEPRECATED_OBJC_IMPLEMENTATIONS = YES;
				CLANG_WARN_DIRECT_OBJC_ISA_USAGE = YES_ERROR;
				CLANG_WARN_DOCUMENTATION_COMMENTS = YES;
				CLANG_WARN_EMPTY_BODY = YES;
				CLANG_WARN_ENUM_CONVERSION = YES;
				CLANG_WARN_INFINITE_RECURSION = YES;
				CLANG_WARN_INT_CONVERSION = YES;
				CLANG_WARN_NON_LITERAL_NULL_CONVERSION = YES;
				CLANG_WARN_OBJC_IMPLICIT_RETAIN_SELF = YES;
				CLANG_WARN_OBJC_LITERAL_CONVERSION = YES;
				CLANG_WARN_OBJC_ROOT_CLASS = YES_ERROR;
				CLANG_WARN_QUOTED_INCLUDE_IN_FRAMEWORK_HEADER = YES;
				CLANG_WARN_RANGE_LOOP_ANALYSIS = YES;
				CLANG_WARN_STRICT_PROTOTYPES = YES;
				CLANG_WARN_SUSPICIOUS_MOVE = YES;
				CLANG_WARN_UNGUARDED_AVAILABILITY = YES_AGGRESSIVE;
				CLANG_WARN_UNREACHABLE_CODE = YES;
				CLANG_WARN__DUPLICATE_METHOD_MATCH = YES;
				COPY_PHASE_STRIP = NO;
				DEBUG_INFORMATION_FORMAT = "dwarf-with-dsym";
				ENABLE_NS_ASSERTIONS = NO;
				ENABLE_STRICT_OBJC_MSGSEND = YES;
				GCC_C_LANGUAGE_STANDARD = gnu11;
				GCC_NO_COMMON_BLOCKS = YES;
				GCC_WARN_64_TO_32_BIT_CONVERSION = YES;
				GCC_WARN_ABOUT_RETURN_TYPE = YES_ERROR;
				GCC_WARN_UNDECLARED_SELECTOR = YES;
				GCC_WARN_UNINITIALIZED_AUTOS = YES_AGGRESSIVE;
				GCC_WARN_UNUSED_FUNCTION = YES;
				GCC_WARN_UNUSED_VARIABLE = YES;
				IPHONEOS_DEPLOYMENT_TARGET = 14.0;
				MACOSX_DEPLOYMENT_TARGET = 13.0;
				MTL_ENABLE_DEBUG_INFO = NO;
				MTL_FAST_MATH = YES;
				SDKROOT = macosx;
				SWIFT_COMPILATION_MODE = wholemodule;
				SWIFT_OPTIMIZATION_LEVEL = "-O";
			};
			name = Release;
		};
		85A875D329E41FD000274EA6 /* Debug */ = {
			isa = XCBuildConfiguration;
			buildSettings = {
				ASSETCATALOG_COMPILER_APPICON_NAME = AppIcon;
				ASSETCATALOG_COMPILER_GLOBAL_ACCENT_COLOR_NAME = AccentColor;
				CODE_SIGN_ENTITLEMENTS = FlowTime/FlowTime.entitlements;
				CODE_SIGN_IDENTITY = "Apple Development";
				CODE_SIGN_STYLE = Automatic;
				COMBINE_HIDPI_IMAGES = YES;
				CURRENT_PROJECT_VERSION = 1;
				DEVELOPMENT_ASSET_PATHS = "\"FlowTime/Preview Content\"";
				DEVELOPMENT_TEAM = KC68A42FB9;
				ENABLE_HARDENED_RUNTIME = YES;
				ENABLE_PREVIEWS = YES;
				GENERATE_INFOPLIST_FILE = YES;
				INFOPLIST_FILE = FlowTime/Info.plist;
				INFOPLIST_KEY_CFBundleDisplayName = FlowTime;
				INFOPLIST_KEY_LSApplicationCategoryType = "public.app-category.education";
				INFOPLIST_KEY_NSHumanReadableCopyright = "";
				LD_RUNPATH_SEARCH_PATHS = (
					"$(inherited)",
					"@executable_path/../Frameworks",
				);
				MACOSX_DEPLOYMENT_TARGET = 13.0;
				MARKETING_VERSION = 0.8.1;
				PRODUCT_BUNDLE_IDENTIFIER = dev.miglio.flowtime;
				PRODUCT_NAME = "$(TARGET_NAME)";
				PROVISIONING_PROFILE_SPECIFIER = "";
				SDKROOT = iphoneos;
				SUPPORTED_PLATFORMS = "iphoneos iphonesimulator macosx";
				SUPPORTS_MACCATALYST = NO;
				SUPPORTS_MAC_DESIGNED_FOR_IPHONE_IPAD = NO;
				SWIFT_EMIT_LOC_STRINGS = YES;
				SWIFT_VERSION = 5.0;
				TARGETED_DEVICE_FAMILY = 1;
			};
			name = Debug;
		};
		85A875D429E41FD000274EA6 /* Release */ = {
			isa = XCBuildConfiguration;
			buildSettings = {
				ASSETCATALOG_COMPILER_APPICON_NAME = AppIcon;
				ASSETCATALOG_COMPILER_GLOBAL_ACCENT_COLOR_NAME = AccentColor;
				CODE_SIGN_ENTITLEMENTS = FlowTime/FlowTime.entitlements;
				CODE_SIGN_IDENTITY = "Apple Development";
				CODE_SIGN_STYLE = Automatic;
				COMBINE_HIDPI_IMAGES = YES;
				CURRENT_PROJECT_VERSION = 1;
				DEVELOPMENT_ASSET_PATHS = "\"FlowTime/Preview Content\"";
				DEVELOPMENT_TEAM = KC68A42FB9;
				ENABLE_HARDENED_RUNTIME = YES;
				ENABLE_PREVIEWS = YES;
				GENERATE_INFOPLIST_FILE = YES;
				INFOPLIST_FILE = FlowTime/Info.plist;
				INFOPLIST_KEY_CFBundleDisplayName = FlowTime;
				INFOPLIST_KEY_LSApplicationCategoryType = "public.app-category.education";
				INFOPLIST_KEY_NSHumanReadableCopyright = "";
				LD_RUNPATH_SEARCH_PATHS = (
					"$(inherited)",
					"@executable_path/../Frameworks",
				);
				MACOSX_DEPLOYMENT_TARGET = 13.0;
				MARKETING_VERSION = 0.8.1;
				PRODUCT_BUNDLE_IDENTIFIER = dev.miglio.flowtime;
				PRODUCT_NAME = "$(TARGET_NAME)";
				PROVISIONING_PROFILE_SPECIFIER = "";
				SDKROOT = iphoneos;
				SUPPORTED_PLATFORMS = "iphoneos iphonesimulator macosx";
				SUPPORTS_MACCATALYST = NO;
				SUPPORTS_MAC_DESIGNED_FOR_IPHONE_IPAD = NO;
				SWIFT_EMIT_LOC_STRINGS = YES;
				SWIFT_VERSION = 5.0;
				TARGETED_DEVICE_FAMILY = 1;
			};
			name = Release;
		};
/* End XCBuildConfiguration section */

/* Begin XCConfigurationList section */
		85A875BE29E41FCF00274EA6 /* Build configuration list for PBXProject "FlowTime" */ = {
			isa = XCConfigurationList;
			buildConfigurations = (
				85A875D029E41FD000274EA6 /* Debug */,
				85A875D129E41FD000274EA6 /* Release */,
			);
			defaultConfigurationIsVisible = 0;
			defaultConfigurationName = Release;
		};
		85A875D229E41FD000274EA6 /* Build configuration list for PBXNativeTarget "FlowTime" */ = {
			isa = XCConfigurationList;
			buildConfigurations = (
				85A875D329E41FD000274EA6 /* Debug */,
				85A875D429E41FD000274EA6 /* Release */,
			);
			defaultConfigurationIsVisible = 0;
			defaultConfigurationName = Release;
		};
/* End XCConfigurationList section */
	};
	rootObject = 85A875BB29E41FCF00274EA6 /* Project object */;
}
